lockfileVersion: 5.4

specifiers:
  '@unocss/core': ^0.47.5
  lightningcss: ^1.17.1

dependencies:
  '@unocss/core': 0.47.5

devDependencies:
  lightningcss: 1.17.1

packages:

  /@unocss/core/0.47.5:
    resolution: {integrity: sha512-KADysCd6JEIowGB6INGgZRuYhaaxrxiQXl9Xh/V+H4bgjtaNDxYyvZ2qKx5+u/kB4U9iSI0ULxBAY3oyqZ/Yjw==}
    dev: false

  /detect-libc/1.0.3:
    resolution: {integrity: sha512-pGjwhsmsp4kL2RTz08wcOlGN83otlqHeD/Z5T8GXZB+/YcpQ/dgo+lbU8ZsGxV0HIvqqxo9l7mqYwyYMD9bKDg==}
    engines: {node: '>=0.10'}
    hasBin: true
    dev: true

  /lightningcss-darwin-arm64/1.17.1:
    resolution: {integrity: sha512-YTAHEy4XlzI3sMbUVjbPi9P7+N7lGcgl2JhCZhiQdRAEKnZLQch8kb5601sgESxdGXjgei7JZFqi/vVEk81wYg==}
    engines: {node: '>= 12.0.0'}
    cpu: [arm64]
    os: [darwin]
    requiresBuild: true
    dev: true
    optional: true

  /lightningcss-darwin-x64/1.17.1:
    resolution: {integrity: sha512-UhXPUS2+yTTf5sXwUV0+8QY2x0bPGLgC/uhcknWSQMqWn1zGty4fFvH04D7f7ij0ujwSuN+Q0HtU7lgmMrPz0A==}
    engines: {node: '>= 12.0.0'}
    cpu: [x64]
    os: [darwin]
    requiresBuild: true
    dev: true
    optional: true

  /lightningcss-linux-arm-gnueabihf/1.17.1:
    resolution: {integrity: sha512-alUZumuznB6K/9yZ0zuZkODXUm8uRnvs9t0CL46CXN16Y2h4gOx5ahUCMlelUb7inZEsgJIoepgLsJzBUrSsBw==}
    engines: {node: '>= 12.0.0'}
    cpu: [arm]
    os: [linux]
    requiresBuild: true
    dev: true
    optional: true

  /lightningcss-linux-arm64-gnu/1.17.1:
    resolution: {integrity: sha512-/1XaH2cOjDt+ivmgfmVFUYCA0MtfNWwtC4P8qVi53zEQ7P8euyyZ1ynykZOyKXW9Q0DzrwcLTh6+hxVLcbtGBg==}
    engines: {node: '>= 12.0.0'}
    cpu: [arm64]
    os: [linux]
    requiresBuild: true
    dev: true
    optional: true

  /lightningcss-linux-arm64-musl/1.17.1:
    resolution: {integrity: sha512-/IgE7lYWFHCCQFTMIwtt+fXLcVOha8rcrNze1JYGPWNorO6NBc6MJo5u5cwn5qMMSz9fZCCDIlBBU4mGwjQszQ==}
    engines: {node: '>= 12.0.0'}
    cpu: [arm64]
    os: [linux]
    requiresBuild: true
    dev: true
    optional: true

  /lightningcss-linux-x64-gnu/1.17.1:
    resolution: {integrity: sha512-OyE802IAp4DB9vZrHlOyWunbHLM9dN08tJIKN/HhzzLKIHizubOWX6NMzUXMZLsaUrYwVAHHdyEA+712p8mMzA==}
    engines: {node: '>= 12.0.0'}
    cpu: [x64]
    os: [linux]
    requiresBuild: true
    dev: true
    optional: true

  /lightningcss-linux-x64-musl/1.17.1:
    resolution: {integrity: sha512-ydwGgV3Usba5P53RAOqCA9MsRsbb8jFIEVhf7/BXFjpKNoIQyijVTXhwIgQr/oGwUNOHfgQ3F8ruiUjX/p2YKw==}
    engines: {node: '>= 12.0.0'}
    cpu: [x64]
    os: [linux]
    requiresBuild: true
    dev: true
    optional: true

  /lightningcss-win32-x64-msvc/1.17.1:
    resolution: {integrity: sha512-Ngqtx9NazaiAOk71XWwSsqgAuwYF+8PO6UYsoU7hAukdrSS98kwaBMEDw1igeIiZy1XD/4kh5KVnkjNf7ZOxVQ==}
    engines: {node: '>= 12.0.0'}
    cpu: [x64]
    os: [win32]
    requiresBuild: true
    dev: true
    optional: true

  /lightningcss/1.17.1:
    resolution: {integrity: sha512-DwwM/YYqGwLLP3he41wzDXT/m+8jdEZ80i9ViQNLRgyhey3Vm6N7XHn+4o3PY6wSnVT23WLuaROIpbpIVTNOjg==}
    engines: {node: '>= 12.0.0'}
    dependencies:
      detect-libc: 1.0.3
    optionalDependencies:
      lightningcss-darwin-arm64: 1.17.1
      lightningcss-darwin-x64: 1.17.1
      lightningcss-linux-arm-gnueabihf: 1.17.1
      lightningcss-linux-arm64-gnu: 1.17.1
      lightningcss-linux-arm64-musl: 1.17.1
      lightningcss-linux-x64-gnu: 1.17.1
      lightningcss-linux-x64-musl: 1.17.1
      lightningcss-win32-x64-msvc: 1.17.1
    dev: true
